{
  "name": "budgent-wallet-tui",
  "version": "0.1.0",
  "lockfileVersion": 3,
  "requires": true,
  "packages": {
    "": {
      "name": "budgent-wallet-tui",
      "version": "0.1.0",
      "dependencies": {
        "budgent-sdk": "^0.1.0"
      },
      "bin": {
        "budgent-wallet": "wallet.mjs"
      },
      "engines": {
        "node": ">=18"
      }
    },
    "node_modules/budgent-sdk": {
      "version": "0.1.0",
      "resolved": "https://registry.npmjs.org/budgent-sdk/-/budgent-sdk-0.1.0.tgz",
      "integrity": "sha512-ye5QAz89O75Wk1OHmydFCMqmfofwbOo840HVACHyjAHAW0N+6NSrlCw6wNUVHTlZ1xaaRY1JBZD4jDgdhdUIpw==",
      "license": "MIT",
      "engines": {
        "node": ">=18"
      }
    }
  }
}
